
Microsoft Visual Studio Solution File, Format Version 12.00
# Visual Studio Version 16
VisualStudioVersion = 16.0.30128.74
MinimumVisualStudioVersion = 10.0.40219.1
Project("{2150E333-8FDC-42A3-9474-1A3956D46DE8}") = "CommApp", "CommApp", "{7DB35B97-13E1-41A7-B88F-DA1A4E8FA438}"
EndProject
Project("{FAE04EC0-301F-11D3-BF4B-00C04F79EFBC}") = "Core", "Help\Core.csproj", "{6B12A6FA-531F-4992-9319-718C4B048BAD}"
EndProject
Project("{2150E333-8FDC-42A3-9474-1A3956D46DE8}") = "Base", "Base", "{0460F219-76C0-4611-BBCE-6C76780897E5}"
EndProject
Project("{FAE04EC0-301F-11D3-BF4B-00C04F79EFBC}") = "PcComm", "PcComm\PcComm.csproj", "{3F6511EF-E07C-4914-AF9C-908EE5B43EB3}"
EndProject
Project("{FAE04EC0-301F-11D3-BF4B-00C04F79EFBC}") = "WinformsMVP", "WinformsMVP\WinformsMVP\WinformsMVP.csproj", "{003C7FCD-43F3-43A0-A0EC-5A8003D2F805}"
EndProject
Project("{FAE04EC0-301F-11D3-BF4B-00C04F79EFBC}") = "BCScnMgr", "BCScnMgr\BCScnMgr.csproj", "{47CE33C9-F34A-4F11-9084-949B85FCFB4F}"
EndProject
Project("{FAE04EC0-301F-11D3-BF4B-00C04F79EFBC}") = "LabelPrint", "LabelPrint\LabelPrint.csproj", "{11A414F1-798F-462D-BC37-73DE48DC0AC3}"
EndProject
Project("{FAE04EC0-301F-11D3-BF4B-00C04F79EFBC}") = "DataSetup", "DataSetup\DataSetup.csproj", "{5F7C4222-3BEE-4FDA-BB67-4F9E97B2A742}"
EndProject
Project("{FAE04EC0-301F-11D3-BF4B-00C04F79EFBC}") = "DataGathering", "DataGathering\DataGathering.csproj", "{0F57ABE8-AA8E-4146-86B5-5FCBF94249DD}"
EndProject
Project("{FAE04EC0-301F-11D3-BF4B-00C04F79EFBC}") = "Tracking", "Tracking\Tracking.csproj", "{802AD41F-90E6-4040-A54F-6126F8B174F9}"
EndProject
Project("{FAE04EC0-301F-11D3-BF4B-00C04F79EFBC}") = "LogRecord", "LogRecord\LogRecord.csproj", "{9AA1F268-3E93-4967-8E9F-7AB0828971C0}"
EndProject
Project("{FAE04EC0-301F-11D3-BF4B-00C04F79EFBC}") = "CPL1HMI", "CPL1HMI\CPL1HMI.csproj", "{1EFEA7A1-E145-4142-9897-663C1CA0EF7D}"
EndProject
Project("{FAE04EC0-301F-11D3-BF4B-00C04F79EFBC}") = "CPLUnitTest", "CPLUnitTest\CPLUnitTest.csproj", "{E8B8B429-D23C-4850-B5DF-714A1021BA56}"
EndProject
Project("{FAE04EC0-301F-11D3-BF4B-00C04F79EFBC}") = "DBService", "DBService\DBService.csproj", "{7270E805-24D2-43BE-839B-CEF5DD2D22A4}"
EndProject
Project("{2150E333-8FDC-42A3-9474-1A3956D46DE8}") = "TestUse", "TestUse", "{E26B49D6-93D1-4E46-A715-095AB04CC64E}"
EndProject
Project("{FAE04EC0-301F-11D3-BF4B-00C04F79EFBC}") = "BLL", "BLL\BLL.csproj", "{5551C09B-787A-4739-BF68-34CC9347386D}"
EndProject
Project("{2150E333-8FDC-42A3-9474-1A3956D46DE8}") = "ProcessApp", "ProcessApp", "{765FF965-99FB-4161-B0FA-9BB8A7441609}"
EndProject
Project("{2150E333-8FDC-42A3-9474-1A3956D46DE8}") = "HMIApp", "HMIApp", "{72792674-528C-46A9-984B-B8B864D672CD}"
EndProject
Project("{2150E333-8FDC-42A3-9474-1A3956D46DE8}") = "Core", "Core", "{F4C964ED-D473-4BAF-9EAF-764E6FC99B02}"
EndProject
Project("{FAE04EC0-301F-11D3-BF4B-00C04F79EFBC}") = "CoilMgr", "CoilMgr\CoilMgr.csproj", "{1EE933AD-729F-4562-BC84-340280F369D6}"
EndProject
Project("{FAE04EC0-301F-11D3-BF4B-00C04F79EFBC}") = "DataModel", "DataModel\DataModel.csproj", "{C5D8C88C-E686-4C43-B34E-90C87DE7B045}"
EndProject
Project("{FAE04EC0-301F-11D3-BF4B-00C04F79EFBC}") = "MsgConvert", "DataModelConvert\MsgConvert.csproj", "{B2FA4DD8-18A5-49EB-A98A-A660D0AB4A99}"
EndProject
Project("{FAE04EC0-301F-11D3-BF4B-00C04F79EFBC}") = "Controller", "Controller\Controller.csproj", "{E2F7BE94-81E9-4B62-9178-AA49778068F0}"
EndProject
Project("{FAE04EC0-301F-11D3-BF4B-00C04F79EFBC}") = "MSMQ", "MSMQ\MSMQ.csproj", "{16AE5B49-DEEB-4569-BE6D-C1E36025F170}"
EndProject
Project("{2150E333-8FDC-42A3-9474-1A3956D46DE8}") = "Service", "Service", "{A102DA48-90D4-4199-9009-C01320EBFD48}"
EndProject
Project("{FAE04EC0-301F-11D3-BF4B-00C04F79EFBC}") = "AkkaSysBase", "AkkaSysBase\AkkaSysBase.csproj", "{2AA772E8-F956-4F52-8E95-6041DDC13514}"
EndProject
Project("{FAE04EC0-301F-11D3-BF4B-00C04F79EFBC}") = "TestUseProject", "TestUseProject\TestUseProject.csproj", "{1F9CA161-45DC-433C-B11A-D2EACE7D2D93}"
EndProject
Project("{FAE04EC0-301F-11D3-BF4B-00C04F79EFBC}") = "LogSender", "LogSender\LogSender.csproj", "{F1FB176F-E578-442C-B37A-8886DBE17DE0}"
EndProject
Project("{FAE04EC0-301F-11D3-BF4B-00C04F79EFBC}") = "WatchDog", "WatchDog\WatchDog.csproj", "{961CC7FF-EAB8-4877-A9DE-CF02B9469A00}"
EndProject
Project("{FAE04EC0-301F-11D3-BF4B-00C04F79EFBC}") = "PlcComm", "PlcComm\PlcComm.csproj", "{A82E16CD-3E44-419D-8CAE-B3BC13AC053F}"
EndProject
Project("{FAE04EC0-301F-11D3-BF4B-00C04F79EFBC}") = "MmsComm", "MmsComm\MmsComm.csproj", "{CA5D5F1B-0546-4B35-82A5-3CF2CB6BF8FC}"
EndProject
Project("{FAE04EC0-301F-11D3-BF4B-00C04F79EFBC}") = "WmsComm", "WmsComm\WmsComm.csproj", "{86C6C88F-E098-4758-B84C-CD41030FFE2D}"
EndProject
Global
	GlobalSection(SolutionConfigurationPlatforms) = preSolution
		Debug|Any CPU = Debug|Any CPU
		Debug|x86 = Debug|x86
		Release|Any CPU = Release|Any CPU
		Release|x86 = Release|x86
	EndGlobalSection
	GlobalSection(ProjectConfigurationPlatforms) = postSolution
		{6B12A6FA-531F-4992-9319-718C4B048BAD}.Debug|Any CPU.ActiveCfg = Debug|Any CPU
		{6B12A6FA-531F-4992-9319-718C4B048BAD}.Debug|Any CPU.Build.0 = Debug|Any CPU
		{6B12A6FA-531F-4992-9319-718C4B048BAD}.Debug|x86.ActiveCfg = Debug|Any CPU
		{6B12A6FA-531F-4992-9319-718C4B048BAD}.Debug|x86.Build.0 = Debug|Any CPU
		{6B12A6FA-531F-4992-9319-718C4B048BAD}.Release|Any CPU.ActiveCfg = Release|Any CPU
		{6B12A6FA-531F-4992-9319-718C4B048BAD}.Release|Any CPU.Build.0 = Release|Any CPU
		{6B12A6FA-531F-4992-9319-718C4B048BAD}.Release|x86.ActiveCfg = Release|Any CPU
		{6B12A6FA-531F-4992-9319-718C4B048BAD}.Release|x86.Build.0 = Release|Any CPU
		{3F6511EF-E07C-4914-AF9C-908EE5B43EB3}.Debug|Any CPU.ActiveCfg = Debug|Any CPU
		{3F6511EF-E07C-4914-AF9C-908EE5B43EB3}.Debug|Any CPU.Build.0 = Debug|Any CPU
		{3F6511EF-E07C-4914-AF9C-908EE5B43EB3}.Debug|x86.ActiveCfg = Debug|Any CPU
		{3F6511EF-E07C-4914-AF9C-908EE5B43EB3}.Debug|x86.Build.0 = Debug|Any CPU
		{3F6511EF-E07C-4914-AF9C-908EE5B43EB3}.Release|Any CPU.ActiveCfg = Release|Any CPU
		{3F6511EF-E07C-4914-AF9C-908EE5B43EB3}.Release|Any CPU.Build.0 = Release|Any CPU
		{3F6511EF-E07C-4914-AF9C-908EE5B43EB3}.Release|x86.ActiveCfg = Release|Any CPU
		{3F6511EF-E07C-4914-AF9C-908EE5B43EB3}.Release|x86.Build.0 = Release|Any CPU
		{003C7FCD-43F3-43A0-A0EC-5A8003D2F805}.Debug|Any CPU.ActiveCfg = Debug|Any CPU
		{003C7FCD-43F3-43A0-A0EC-5A8003D2F805}.Debug|Any CPU.Build.0 = Debug|Any CPU
		{003C7FCD-43F3-43A0-A0EC-5A8003D2F805}.Debug|x86.ActiveCfg = Debug|Any CPU
		{003C7FCD-43F3-43A0-A0EC-5A8003D2F805}.Debug|x86.Build.0 = Debug|Any CPU
		{003C7FCD-43F3-43A0-A0EC-5A8003D2F805}.Release|Any CPU.ActiveCfg = Release|Any CPU
		{003C7FCD-43F3-43A0-A0EC-5A8003D2F805}.Release|Any CPU.Build.0 = Release|Any CPU
		{003C7FCD-43F3-43A0-A0EC-5A8003D2F805}.Release|x86.ActiveCfg = Release|Any CPU
		{003C7FCD-43F3-43A0-A0EC-5A8003D2F805}.Release|x86.Build.0 = Release|Any CPU
		{47CE33C9-F34A-4F11-9084-949B85FCFB4F}.Debug|Any CPU.ActiveCfg = Debug|Any CPU
		{47CE33C9-F34A-4F11-9084-949B85FCFB4F}.Debug|Any CPU.Build.0 = Debug|Any CPU
		{47CE33C9-F34A-4F11-9084-949B85FCFB4F}.Debug|x86.ActiveCfg = Debug|Any CPU
		{47CE33C9-F34A-4F11-9084-949B85FCFB4F}.Debug|x86.Build.0 = Debug|Any CPU
		{47CE33C9-F34A-4F11-9084-949B85FCFB4F}.Release|Any CPU.ActiveCfg = Release|Any CPU
		{47CE33C9-F34A-4F11-9084-949B85FCFB4F}.Release|Any CPU.Build.0 = Release|Any CPU
		{47CE33C9-F34A-4F11-9084-949B85FCFB4F}.Release|x86.ActiveCfg = Release|Any CPU
		{47CE33C9-F34A-4F11-9084-949B85FCFB4F}.Release|x86.Build.0 = Release|Any CPU
		{11A414F1-798F-462D-BC37-73DE48DC0AC3}.Debug|Any CPU.ActiveCfg = Debug|Any CPU
		{11A414F1-798F-462D-BC37-73DE48DC0AC3}.Debug|Any CPU.Build.0 = Debug|Any CPU
		{11A414F1-798F-462D-BC37-73DE48DC0AC3}.Debug|x86.ActiveCfg = Debug|Any CPU
		{11A414F1-798F-462D-BC37-73DE48DC0AC3}.Debug|x86.Build.0 = Debug|Any CPU
		{11A414F1-798F-462D-BC37-73DE48DC0AC3}.Release|Any CPU.ActiveCfg = Release|Any CPU
		{11A414F1-798F-462D-BC37-73DE48DC0AC3}.Release|Any CPU.Build.0 = Release|Any CPU
		{11A414F1-798F-462D-BC37-73DE48DC0AC3}.Release|x86.ActiveCfg = Release|Any CPU
		{11A414F1-798F-462D-BC37-73DE48DC0AC3}.Release|x86.Build.0 = Release|Any CPU
		{5F7C4222-3BEE-4FDA-BB67-4F9E97B2A742}.Debug|Any CPU.ActiveCfg = Debug|Any CPU
		{5F7C4222-3BEE-4FDA-BB67-4F9E97B2A742}.Debug|Any CPU.Build.0 = Debug|Any CPU
		{5F7C4222-3BEE-4FDA-BB67-4F9E97B2A742}.Debug|x86.ActiveCfg = Debug|Any CPU
		{5F7C4222-3BEE-4FDA-BB67-4F9E97B2A742}.Debug|x86.Build.0 = Debug|Any CPU
		{5F7C4222-3BEE-4FDA-BB67-4F9E97B2A742}.Release|Any CPU.ActiveCfg = Release|Any CPU
		{5F7C4222-3BEE-4FDA-BB67-4F9E97B2A742}.Release|Any CPU.Build.0 = Release|Any CPU
		{5F7C4222-3BEE-4FDA-BB67-4F9E97B2A742}.Release|x86.ActiveCfg = Release|Any CPU
		{5F7C4222-3BEE-4FDA-BB67-4F9E97B2A742}.Release|x86.Build.0 = Release|Any CPU
		{0F57ABE8-AA8E-4146-86B5-5FCBF94249DD}.Debug|Any CPU.ActiveCfg = Debug|Any CPU
		{0F57ABE8-AA8E-4146-86B5-5FCBF94249DD}.Debug|Any CPU.Build.0 = Debug|Any CPU
		{0F57ABE8-AA8E-4146-86B5-5FCBF94249DD}.Debug|x86.ActiveCfg = Debug|Any CPU
		{0F57ABE8-AA8E-4146-86B5-5FCBF94249DD}.Debug|x86.Build.0 = Debug|Any CPU
		{0F57ABE8-AA8E-4146-86B5-5FCBF94249DD}.Release|Any CPU.ActiveCfg = Release|Any CPU
		{0F57ABE8-AA8E-4146-86B5-5FCBF94249DD}.Release|Any CPU.Build.0 = Release|Any CPU
		{0F57ABE8-AA8E-4146-86B5-5FCBF94249DD}.Release|x86.ActiveCfg = Release|Any CPU
		{0F57ABE8-AA8E-4146-86B5-5FCBF94249DD}.Release|x86.Build.0 = Release|Any CPU
		{802AD41F-90E6-4040-A54F-6126F8B174F9}.Debug|Any CPU.ActiveCfg = Debug|Any CPU
		{802AD41F-90E6-4040-A54F-6126F8B174F9}.Debug|Any CPU.Build.0 = Debug|Any CPU
		{802AD41F-90E6-4040-A54F-6126F8B174F9}.Debug|x86.ActiveCfg = Debug|Any CPU
		{802AD41F-90E6-4040-A54F-6126F8B174F9}.Debug|x86.Build.0 = Debug|Any CPU
		{802AD41F-90E6-4040-A54F-6126F8B174F9}.Release|Any CPU.ActiveCfg = Release|Any CPU
		{802AD41F-90E6-4040-A54F-6126F8B174F9}.Release|Any CPU.Build.0 = Release|Any CPU
		{802AD41F-90E6-4040-A54F-6126F8B174F9}.Release|x86.ActiveCfg = Release|Any CPU
		{802AD41F-90E6-4040-A54F-6126F8B174F9}.Release|x86.Build.0 = Release|Any CPU
		{9AA1F268-3E93-4967-8E9F-7AB0828971C0}.Debug|Any CPU.ActiveCfg = Debug|Any CPU
		{9AA1F268-3E93-4967-8E9F-7AB0828971C0}.Debug|Any CPU.Build.0 = Debug|Any CPU
		{9AA1F268-3E93-4967-8E9F-7AB0828971C0}.Debug|x86.ActiveCfg = Debug|Any CPU
		{9AA1F268-3E93-4967-8E9F-7AB0828971C0}.Debug|x86.Build.0 = Debug|Any CPU
		{9AA1F268-3E93-4967-8E9F-7AB0828971C0}.Release|Any CPU.ActiveCfg = Release|Any CPU
		{9AA1F268-3E93-4967-8E9F-7AB0828971C0}.Release|Any CPU.Build.0 = Release|Any CPU
		{9AA1F268-3E93-4967-8E9F-7AB0828971C0}.Release|x86.ActiveCfg = Release|Any CPU
		{9AA1F268-3E93-4967-8E9F-7AB0828971C0}.Release|x86.Build.0 = Release|Any CPU
		{1EFEA7A1-E145-4142-9897-663C1CA0EF7D}.Debug|Any CPU.ActiveCfg = Debug|Any CPU
		{1EFEA7A1-E145-4142-9897-663C1CA0EF7D}.Debug|Any CPU.Build.0 = Debug|Any CPU
		{1EFEA7A1-E145-4142-9897-663C1CA0EF7D}.Debug|x86.ActiveCfg = Debug|x86
		{1EFEA7A1-E145-4142-9897-663C1CA0EF7D}.Debug|x86.Build.0 = Debug|x86
		{1EFEA7A1-E145-4142-9897-663C1CA0EF7D}.Release|Any CPU.ActiveCfg = Release|Any CPU
		{1EFEA7A1-E145-4142-9897-663C1CA0EF7D}.Release|Any CPU.Build.0 = Release|Any CPU
		{1EFEA7A1-E145-4142-9897-663C1CA0EF7D}.Release|x86.ActiveCfg = Release|x86
		{1EFEA7A1-E145-4142-9897-663C1CA0EF7D}.Release|x86.Build.0 = Release|x86
		{E8B8B429-D23C-4850-B5DF-714A1021BA56}.Debug|Any CPU.ActiveCfg = Debug|Any CPU
		{E8B8B429-D23C-4850-B5DF-714A1021BA56}.Debug|Any CPU.Build.0 = Debug|Any CPU
		{E8B8B429-D23C-4850-B5DF-714A1021BA56}.Debug|x86.ActiveCfg = Debug|Any CPU
		{E8B8B429-D23C-4850-B5DF-714A1021BA56}.Debug|x86.Build.0 = Debug|Any CPU
		{E8B8B429-D23C-4850-B5DF-714A1021BA56}.Release|Any CPU.ActiveCfg = Release|Any CPU
		{E8B8B429-D23C-4850-B5DF-714A1021BA56}.Release|Any CPU.Build.0 = Release|Any CPU
		{E8B8B429-D23C-4850-B5DF-714A1021BA56}.Release|x86.ActiveCfg = Release|Any CPU
		{E8B8B429-D23C-4850-B5DF-714A1021BA56}.Release|x86.Build.0 = Release|Any CPU
		{7270E805-24D2-43BE-839B-CEF5DD2D22A4}.Debug|Any CPU.ActiveCfg = Debug|Any CPU
		{7270E805-24D2-43BE-839B-CEF5DD2D22A4}.Debug|Any CPU.Build.0 = Debug|Any CPU
		{7270E805-24D2-43BE-839B-CEF5DD2D22A4}.Debug|x86.ActiveCfg = Debug|Any CPU
		{7270E805-24D2-43BE-839B-CEF5DD2D22A4}.Debug|x86.Build.0 = Debug|Any CPU
		{7270E805-24D2-43BE-839B-CEF5DD2D22A4}.Release|Any CPU.ActiveCfg = Release|Any CPU
		{7270E805-24D2-43BE-839B-CEF5DD2D22A4}.Release|Any CPU.Build.0 = Release|Any CPU
		{7270E805-24D2-43BE-839B-CEF5DD2D22A4}.Release|x86.ActiveCfg = Release|Any CPU
		{7270E805-24D2-43BE-839B-CEF5DD2D22A4}.Release|x86.Build.0 = Release|Any CPU
		{5551C09B-787A-4739-BF68-34CC9347386D}.Debug|Any CPU.ActiveCfg = Debug|Any CPU
		{5551C09B-787A-4739-BF68-34CC9347386D}.Debug|Any CPU.Build.0 = Debug|Any CPU
		{5551C09B-787A-4739-BF68-34CC9347386D}.Debug|x86.ActiveCfg = Debug|Any CPU
		{5551C09B-787A-4739-BF68-34CC9347386D}.Debug|x86.Build.0 = Debug|Any CPU
		{5551C09B-787A-4739-BF68-34CC9347386D}.Release|Any CPU.ActiveCfg = Release|Any CPU
		{5551C09B-787A-4739-BF68-34CC9347386D}.Release|Any CPU.Build.0 = Release|Any CPU
		{5551C09B-787A-4739-BF68-34CC9347386D}.Release|x86.ActiveCfg = Release|Any CPU
		{5551C09B-787A-4739-BF68-34CC9347386D}.Release|x86.Build.0 = Release|Any CPU
		{1EE933AD-729F-4562-BC84-340280F369D6}.Debug|Any CPU.ActiveCfg = Debug|Any CPU
		{1EE933AD-729F-4562-BC84-340280F369D6}.Debug|Any CPU.Build.0 = Debug|Any CPU
		{1EE933AD-729F-4562-BC84-340280F369D6}.Debug|x86.ActiveCfg = Debug|Any CPU
		{1EE933AD-729F-4562-BC84-340280F369D6}.Debug|x86.Build.0 = Debug|Any CPU
		{1EE933AD-729F-4562-BC84-340280F369D6}.Release|Any CPU.ActiveCfg = Release|Any CPU
		{1EE933AD-729F-4562-BC84-340280F369D6}.Release|Any CPU.Build.0 = Release|Any CPU
		{1EE933AD-729F-4562-BC84-340280F369D6}.Release|x86.ActiveCfg = Release|Any CPU
		{1EE933AD-729F-4562-BC84-340280F369D6}.Release|x86.Build.0 = Release|Any CPU
		{C5D8C88C-E686-4C43-B34E-90C87DE7B045}.Debug|Any CPU.ActiveCfg = Debug|Any CPU
		{C5D8C88C-E686-4C43-B34E-90C87DE7B045}.Debug|Any CPU.Build.0 = Debug|Any CPU
		{C5D8C88C-E686-4C43-B34E-90C87DE7B045}.Debug|x86.ActiveCfg = Debug|Any CPU
		{C5D8C88C-E686-4C43-B34E-90C87DE7B045}.Debug|x86.Build.0 = Debug|Any CPU
		{C5D8C88C-E686-4C43-B34E-90C87DE7B045}.Release|Any CPU.ActiveCfg = Release|Any CPU
		{C5D8C88C-E686-4C43-B34E-90C87DE7B045}.Release|Any CPU.Build.0 = Release|Any CPU
		{C5D8C88C-E686-4C43-B34E-90C87DE7B045}.Release|x86.ActiveCfg = Release|Any CPU
		{C5D8C88C-E686-4C43-B34E-90C87DE7B045}.Release|x86.Build.0 = Release|Any CPU
		{B2FA4DD8-18A5-49EB-A98A-A660D0AB4A99}.Debug|Any CPU.ActiveCfg = Debug|Any CPU
		{B2FA4DD8-18A5-49EB-A98A-A660D0AB4A99}.Debug|Any CPU.Build.0 = Debug|Any CPU
		{B2FA4DD8-18A5-49EB-A98A-A660D0AB4A99}.Debug|x86.ActiveCfg = Debug|Any CPU
		{B2FA4DD8-18A5-49EB-A98A-A660D0AB4A99}.Debug|x86.Build.0 = Debug|Any CPU
		{B2FA4DD8-18A5-49EB-A98A-A660D0AB4A99}.Release|Any CPU.ActiveCfg = Release|Any CPU
		{B2FA4DD8-18A5-49EB-A98A-A660D0AB4A99}.Release|Any CPU.Build.0 = Release|Any CPU
		{B2FA4DD8-18A5-49EB-A98A-A660D0AB4A99}.Release|x86.ActiveCfg = Release|Any CPU
		{B2FA4DD8-18A5-49EB-A98A-A660D0AB4A99}.Release|x86.Build.0 = Release|Any CPU
		{E2F7BE94-81E9-4B62-9178-AA49778068F0}.Debug|Any CPU.ActiveCfg = Debug|Any CPU
		{E2F7BE94-81E9-4B62-9178-AA49778068F0}.Debug|Any CPU.Build.0 = Debug|Any CPU
		{E2F7BE94-81E9-4B62-9178-AA49778068F0}.Debug|x86.ActiveCfg = Debug|Any CPU
		{E2F7BE94-81E9-4B62-9178-AA49778068F0}.Debug|x86.Build.0 = Debug|Any CPU
		{E2F7BE94-81E9-4B62-9178-AA49778068F0}.Release|Any CPU.ActiveCfg = Release|Any CPU
		{E2F7BE94-81E9-4B62-9178-AA49778068F0}.Release|Any CPU.Build.0 = Release|Any CPU
		{E2F7BE94-81E9-4B62-9178-AA49778068F0}.Release|x86.ActiveCfg = Release|Any CPU
		{E2F7BE94-81E9-4B62-9178-AA49778068F0}.Release|x86.Build.0 = Release|Any CPU
		{16AE5B49-DEEB-4569-BE6D-C1E36025F170}.Debug|Any CPU.ActiveCfg = Debug|Any CPU
		{16AE5B49-DEEB-4569-BE6D-C1E36025F170}.Debug|Any CPU.Build.0 = Debug|Any CPU
		{16AE5B49-DEEB-4569-BE6D-C1E36025F170}.Debug|x86.ActiveCfg = Debug|Any CPU
		{16AE5B49-DEEB-4569-BE6D-C1E36025F170}.Debug|x86.Build.0 = Debug|Any CPU
		{16AE5B49-DEEB-4569-BE6D-C1E36025F170}.Release|Any CPU.ActiveCfg = Release|Any CPU
		{16AE5B49-DEEB-4569-BE6D-C1E36025F170}.Release|Any CPU.Build.0 = Release|Any CPU
		{16AE5B49-DEEB-4569-BE6D-C1E36025F170}.Release|x86.ActiveCfg = Release|Any CPU
		{16AE5B49-DEEB-4569-BE6D-C1E36025F170}.Release|x86.Build.0 = Release|Any CPU
		{2AA772E8-F956-4F52-8E95-6041DDC13514}.Debug|Any CPU.ActiveCfg = Debug|Any CPU
		{2AA772E8-F956-4F52-8E95-6041DDC13514}.Debug|Any CPU.Build.0 = Debug|Any CPU
		{2AA772E8-F956-4F52-8E95-6041DDC13514}.Debug|x86.ActiveCfg = Debug|Any CPU
		{2AA772E8-F956-4F52-8E95-6041DDC13514}.Debug|x86.Build.0 = Debug|Any CPU
		{2AA772E8-F956-4F52-8E95-6041DDC13514}.Release|Any CPU.ActiveCfg = Release|Any CPU
		{2AA772E8-F956-4F52-8E95-6041DDC13514}.Release|Any CPU.Build.0 = Release|Any CPU
		{2AA772E8-F956-4F52-8E95-6041DDC13514}.Release|x86.ActiveCfg = Release|Any CPU
		{2AA772E8-F956-4F52-8E95-6041DDC13514}.Release|x86.Build.0 = Release|Any CPU
		{1F9CA161-45DC-433C-B11A-D2EACE7D2D93}.Debug|Any CPU.ActiveCfg = Debug|Any CPU
		{1F9CA161-45DC-433C-B11A-D2EACE7D2D93}.Debug|Any CPU.Build.0 = Debug|Any CPU
		{1F9CA161-45DC-433C-B11A-D2EACE7D2D93}.Debug|x86.ActiveCfg = Debug|Any CPU
		{1F9CA161-45DC-433C-B11A-D2EACE7D2D93}.Debug|x86.Build.0 = Debug|Any CPU
		{1F9CA161-45DC-433C-B11A-D2EACE7D2D93}.Release|Any CPU.ActiveCfg = Release|Any CPU
		{1F9CA161-45DC-433C-B11A-D2EACE7D2D93}.Release|Any CPU.Build.0 = Release|Any CPU
		{1F9CA161-45DC-433C-B11A-D2EACE7D2D93}.Release|x86.ActiveCfg = Release|Any CPU
		{1F9CA161-45DC-433C-B11A-D2EACE7D2D93}.Release|x86.Build.0 = Release|Any CPU
		{F1FB176F-E578-442C-B37A-8886DBE17DE0}.Debug|Any CPU.ActiveCfg = Debug|Any CPU
		{F1FB176F-E578-442C-B37A-8886DBE17DE0}.Debug|Any CPU.Build.0 = Debug|Any CPU
		{F1FB176F-E578-442C-B37A-8886DBE17DE0}.Debug|x86.ActiveCfg = Debug|Any CPU
		{F1FB176F-E578-442C-B37A-8886DBE17DE0}.Debug|x86.Build.0 = Debug|Any CPU
		{F1FB176F-E578-442C-B37A-8886DBE17DE0}.Release|Any CPU.ActiveCfg = Release|Any CPU
		{F1FB176F-E578-442C-B37A-8886DBE17DE0}.Release|Any CPU.Build.0 = Release|Any CPU
		{F1FB176F-E578-442C-B37A-8886DBE17DE0}.Release|x86.ActiveCfg = Release|Any CPU
		{F1FB176F-E578-442C-B37A-8886DBE17DE0}.Release|x86.Build.0 = Release|Any CPU
		{961CC7FF-EAB8-4877-A9DE-CF02B9469A00}.Debug|Any CPU.ActiveCfg = Debug|Any CPU
		{961CC7FF-EAB8-4877-A9DE-CF02B9469A00}.Debug|Any CPU.Build.0 = Debug|Any CPU
		{961CC7FF-EAB8-4877-A9DE-CF02B9469A00}.Debug|x86.ActiveCfg = Debug|Any CPU
		{961CC7FF-EAB8-4877-A9DE-CF02B9469A00}.Debug|x86.Build.0 = Debug|Any CPU
		{961CC7FF-EAB8-4877-A9DE-CF02B9469A00}.Release|Any CPU.ActiveCfg = Release|Any CPU
		{961CC7FF-EAB8-4877-A9DE-CF02B9469A00}.Release|Any CPU.Build.0 = Release|Any CPU
		{961CC7FF-EAB8-4877-A9DE-CF02B9469A00}.Release|x86.ActiveCfg = Release|Any CPU
		{961CC7FF-EAB8-4877-A9DE-CF02B9469A00}.Release|x86.Build.0 = Release|Any CPU
		{A82E16CD-3E44-419D-8CAE-B3BC13AC053F}.Debug|Any CPU.ActiveCfg = Debug|Any CPU
		{A82E16CD-3E44-419D-8CAE-B3BC13AC053F}.Debug|Any CPU.Build.0 = Debug|Any CPU
		{A82E16CD-3E44-419D-8CAE-B3BC13AC053F}.Debug|x86.ActiveCfg = Debug|Any CPU
		{A82E16CD-3E44-419D-8CAE-B3BC13AC053F}.Debug|x86.Build.0 = Debug|Any CPU
		{A82E16CD-3E44-419D-8CAE-B3BC13AC053F}.Release|Any CPU.ActiveCfg = Release|Any CPU
		{A82E16CD-3E44-419D-8CAE-B3BC13AC053F}.Release|Any CPU.Build.0 = Release|Any CPU
		{A82E16CD-3E44-419D-8CAE-B3BC13AC053F}.Release|x86.ActiveCfg = Release|Any CPU
		{A82E16CD-3E44-419D-8CAE-B3BC13AC053F}.Release|x86.Build.0 = Release|Any CPU
		{CA5D5F1B-0546-4B35-82A5-3CF2CB6BF8FC}.Debug|Any CPU.ActiveCfg = Debug|Any CPU
		{CA5D5F1B-0546-4B35-82A5-3CF2CB6BF8FC}.Debug|Any CPU.Build.0 = Debug|Any CPU
		{CA5D5F1B-0546-4B35-82A5-3CF2CB6BF8FC}.Debug|x86.ActiveCfg = Debug|Any CPU
		{CA5D5F1B-0546-4B35-82A5-3CF2CB6BF8FC}.Debug|x86.Build.0 = Debug|Any CPU
		{CA5D5F1B-0546-4B35-82A5-3CF2CB6BF8FC}.Release|Any CPU.ActiveCfg = Release|Any CPU
		{CA5D5F1B-0546-4B35-82A5-3CF2CB6BF8FC}.Release|Any CPU.Build.0 = Release|Any CPU
		{CA5D5F1B-0546-4B35-82A5-3CF2CB6BF8FC}.Release|x86.ActiveCfg = Release|Any CPU
		{CA5D5F1B-0546-4B35-82A5-3CF2CB6BF8FC}.Release|x86.Build.0 = Release|Any CPU
		{86C6C88F-E098-4758-B84C-CD41030FFE2D}.Debug|Any CPU.ActiveCfg = Debug|Any CPU
		{86C6C88F-E098-4758-B84C-CD41030FFE2D}.Debug|Any CPU.Build.0 = Debug|Any CPU
		{86C6C88F-E098-4758-B84C-CD41030FFE2D}.Debug|x86.ActiveCfg = Debug|Any CPU
		{86C6C88F-E098-4758-B84C-CD41030FFE2D}.Debug|x86.Build.0 = Debug|Any CPU
		{86C6C88F-E098-4758-B84C-CD41030FFE2D}.Release|Any CPU.ActiveCfg = Release|Any CPU
		{86C6C88F-E098-4758-B84C-CD41030FFE2D}.Release|Any CPU.Build.0 = Release|Any CPU
		{86C6C88F-E098-4758-B84C-CD41030FFE2D}.Release|x86.ActiveCfg = Release|Any CPU
		{86C6C88F-E098-4758-B84C-CD41030FFE2D}.Release|x86.Build.0 = Release|Any CPU
	EndGlobalSection
	GlobalSection(SolutionProperties) = preSolution
		HideSolutionNode = FALSE
	EndGlobalSection
	GlobalSection(NestedProjects) = preSolution
		{6B12A6FA-531F-4992-9319-718C4B048BAD} = {F4C964ED-D473-4BAF-9EAF-764E6FC99B02}
		{3F6511EF-E07C-4914-AF9C-908EE5B43EB3} = {7DB35B97-13E1-41A7-B88F-DA1A4E8FA438}
		{003C7FCD-43F3-43A0-A0EC-5A8003D2F805} = {0460F219-76C0-4611-BBCE-6C76780897E5}
		{47CE33C9-F34A-4F11-9084-949B85FCFB4F} = {7DB35B97-13E1-41A7-B88F-DA1A4E8FA438}
		{11A414F1-798F-462D-BC37-73DE48DC0AC3} = {7DB35B97-13E1-41A7-B88F-DA1A4E8FA438}
		{5F7C4222-3BEE-4FDA-BB67-4F9E97B2A742} = {765FF965-99FB-4161-B0FA-9BB8A7441609}
		{0F57ABE8-AA8E-4146-86B5-5FCBF94249DD} = {765FF965-99FB-4161-B0FA-9BB8A7441609}
		{802AD41F-90E6-4040-A54F-6126F8B174F9} = {765FF965-99FB-4161-B0FA-9BB8A7441609}
		{1EFEA7A1-E145-4142-9897-663C1CA0EF7D} = {72792674-528C-46A9-984B-B8B864D672CD}
		{E8B8B429-D23C-4850-B5DF-714A1021BA56} = {E26B49D6-93D1-4E46-A715-095AB04CC64E}
		{5551C09B-787A-4739-BF68-34CC9347386D} = {A102DA48-90D4-4199-9009-C01320EBFD48}
		{1EE933AD-729F-4562-BC84-340280F369D6} = {765FF965-99FB-4161-B0FA-9BB8A7441609}
		{B2FA4DD8-18A5-49EB-A98A-A660D0AB4A99} = {F4C964ED-D473-4BAF-9EAF-764E6FC99B02}
		{E2F7BE94-81E9-4B62-9178-AA49778068F0} = {A102DA48-90D4-4199-9009-C01320EBFD48}
		{16AE5B49-DEEB-4569-BE6D-C1E36025F170} = {F4C964ED-D473-4BAF-9EAF-764E6FC99B02}
		{2AA772E8-F956-4F52-8E95-6041DDC13514} = {0460F219-76C0-4611-BBCE-6C76780897E5}
		{1F9CA161-45DC-433C-B11A-D2EACE7D2D93} = {E26B49D6-93D1-4E46-A715-095AB04CC64E}
		{A82E16CD-3E44-419D-8CAE-B3BC13AC053F} = {7DB35B97-13E1-41A7-B88F-DA1A4E8FA438}
		{CA5D5F1B-0546-4B35-82A5-3CF2CB6BF8FC} = {7DB35B97-13E1-41A7-B88F-DA1A4E8FA438}
		{86C6C88F-E098-4758-B84C-CD41030FFE2D} = {7DB35B97-13E1-41A7-B88F-DA1A4E8FA438}
	EndGlobalSection
	GlobalSection(ExtensibilityGlobals) = postSolution
		SolutionGuid = {B060F115-7C97-4BC8-BECF-A92B81E31735}
	EndGlobalSection
EndGlobal
